
Microsoft Visual Studio Solution File, Format Version 12.00
# Visual Studio 15
VisualStudioVersion = 15.0.27004.2005
MinimumVisualStudioVersion = 10.0.40219.1
Project("{FAE04EC0-301F-11D3-BF4B-00C04F79EFBC}") = "Lab12", "Lab12\Lab12.csproj", "{F3D28E65-56EB-4EFF-9300-06145FC63BAD}"
EndProject
Global
	GlobalSection(SolutionConfigurationPlatforms) = preSolution
		Debug|Any CPU = Debug|Any CPU
		Release|Any CPU = Release|Any CPU
	EndGlobalSection
	GlobalSection(ProjectConfigurationPlatforms) = postSolution
		{F3D28E65-56EB-4EFF-9300-06145FC63BAD}.Debug|Any CPU.ActiveCfg = Debug|Any CPU
		{F3D28E65-56EB-4EFF-9300-06145FC63BAD}.Debug|Any CPU.Build.0 = Debug|Any CPU
		{F3D28E65-56EB-4EFF-9300-06145FC63BAD}.Release|Any CPU.ActiveCfg = Release|Any CPU
		{F3D28E65-56EB-4EFF-9300-06145FC63BAD}.Release|Any CPU.Build.0 = Release|Any CPU
	EndGlobalSection
	GlobalSection(SolutionProperties) = preSolution
		HideSolutionNode = FALSE
	EndGlobalSection
	GlobalSection(ExtensibilityGlobals) = postSolution
		SolutionGuid = {9EAB0254-1C86-4B45-87ED-BCB19F795D42}
	EndGlobalSection
EndGlobal
